
Microsoft Visual Studio Solution File, Format Version 12.00
# Visual Studio 14
VisualStudioVersion = 14.0.25420.1
MinimumVisualStudioVersion = 10.0.40219.1
Project("{FAE04EC0-301F-11D3-BF4B-00C04F79EFBC}") = "WinFormNS", "WinFormNS\WinFormNS.csproj", "{BDFA121A-1A11-44AA-BB55-3A74D8C3809C}"
EndProject
Project("{FAE04EC0-301F-11D3-BF4B-00C04F79EFBC}") = "FilerNS", "FilerNS\FilerNS.csproj", "{683A37E5-FA0D-4D4A-8B61-8341D027F4D9}"
EndProject
Project("{FAE04EC0-301F-11D3-BF4B-00C04F79EFBC}") = "DesignerNS", "DesignerNS\DesignerNS.csproj", "{C3C9C1DC-77C8-4D3D-B87B-C81B4295B72D}"
EndProject
Project("{FAE04EC0-301F-11D3-BF4B-00C04F79EFBC}") = "GameNS", "GameNS\GameNS.csproj", "{AB43CA3B-FDA6-45B0-83D4-6AEC15A59943}"
EndProject
Project("{FAE04EC0-301F-11D3-BF4B-00C04F79EFBC}") = "UnitTesting", "UnitTestProject1\UnitTesting.csproj", "{7E12AE2F-5857-42D8-8B7F-C399770A2EDD}"
EndProject
Global
	GlobalSection(SolutionConfigurationPlatforms) = preSolution
		Debug|Any CPU = Debug|Any CPU
		Release|Any CPU = Release|Any CPU
	EndGlobalSection
	GlobalSection(ProjectConfigurationPlatforms) = postSolution
		{BDFA121A-1A11-44AA-BB55-3A74D8C3809C}.Debug|Any CPU.ActiveCfg = Debug|Any CPU
		{BDFA121A-1A11-44AA-BB55-3A74D8C3809C}.Debug|Any CPU.Build.0 = Debug|Any CPU
		{BDFA121A-1A11-44AA-BB55-3A74D8C3809C}.Release|Any CPU.ActiveCfg = Release|Any CPU
		{BDFA121A-1A11-44AA-BB55-3A74D8C3809C}.Release|Any CPU.Build.0 = Release|Any CPU
		{683A37E5-FA0D-4D4A-8B61-8341D027F4D9}.Debug|Any CPU.ActiveCfg = Debug|Any CPU
		{683A37E5-FA0D-4D4A-8B61-8341D027F4D9}.Debug|Any CPU.Build.0 = Debug|Any CPU
		{683A37E5-FA0D-4D4A-8B61-8341D027F4D9}.Release|Any CPU.ActiveCfg = Release|Any CPU
		{683A37E5-FA0D-4D4A-8B61-8341D027F4D9}.Release|Any CPU.Build.0 = Release|Any CPU
		{C3C9C1DC-77C8-4D3D-B87B-C81B4295B72D}.Debug|Any CPU.ActiveCfg = Debug|Any CPU
		{C3C9C1DC-77C8-4D3D-B87B-C81B4295B72D}.Debug|Any CPU.Build.0 = Debug|Any CPU
		{C3C9C1DC-77C8-4D3D-B87B-C81B4295B72D}.Release|Any CPU.ActiveCfg = Release|Any CPU
		{C3C9C1DC-77C8-4D3D-B87B-C81B4295B72D}.Release|Any CPU.Build.0 = Release|Any CPU
		{AB43CA3B-FDA6-45B0-83D4-6AEC15A59943}.Debug|Any CPU.ActiveCfg = Debug|Any CPU
		{AB43CA3B-FDA6-45B0-83D4-6AEC15A59943}.Debug|Any CPU.Build.0 = Debug|Any CPU
		{AB43CA3B-FDA6-45B0-83D4-6AEC15A59943}.Release|Any CPU.ActiveCfg = Release|Any CPU
		{AB43CA3B-FDA6-45B0-83D4-6AEC15A59943}.Release|Any CPU.Build.0 = Release|Any CPU
		{7E12AE2F-5857-42D8-8B7F-C399770A2EDD}.Debug|Any CPU.ActiveCfg = Debug|Any CPU
		{7E12AE2F-5857-42D8-8B7F-C399770A2EDD}.Debug|Any CPU.Build.0 = Debug|Any CPU
		{7E12AE2F-5857-42D8-8B7F-C399770A2EDD}.Release|Any CPU.ActiveCfg = Release|Any CPU
		{7E12AE2F-5857-42D8-8B7F-C399770A2EDD}.Release|Any CPU.Build.0 = Release|Any CPU
	EndGlobalSection
	GlobalSection(SolutionProperties) = preSolution
		HideSolutionNode = FALSE
	EndGlobalSection
EndGlobal
